%{"bbmustache": {:hex, :bbmustache, "1.0.4"},
  "cf": {:hex, :cf, "0.2.1"},
  "cowboy": {:hex, :cowboy, "1.0.4"},
  "cowlib": {:hex, :cowlib, "1.0.2"},
  "decimal": {:hex, :decimal, "1.1.1"},
  "ecto": {:hex, :ecto, "1.1.5"},
  "erlware_commons": {:hex, :erlware_commons, "0.19.0"},
  "esqlite": {:hex, :esqlite, "0.2.2"},
  "exrm": {:hex, :exrm, "1.0.2"},
  "getopt": {:hex, :getopt, "0.8.2"},
  "gettext": {:hex, :gettext, "0.10.0"},
  "nerves": {:hex, :nerves, "0.2.0"},
  "nerves_lib": {:git, "https://github.com/nerves-project/nerves_lib.git", "78b9e489af7df25c162d4a1130569e7cc301cb48", []},
  "nerves_networking": {:git, "https://github.com/nerves-project/nerves_networking.git", "7b77c481b368def153b764eff7e5c487f25eed64", [tag: "v0.6.0"]},
  "nerves_ssdp_server": {:git, "https://github.com/nerves-project/nerves_ssdp_server.git", "1f043b998616361f7d60ab78645bfc68768f228f", []},
  "phoenix": {:git, "https://github.com/phoenixframework/phoenix.git", "7f278c70ff090bcf0fbd3a758ac39fc5c0e9b79a", []},
  "phoenix_ecto": {:hex, :phoenix_ecto, "2.0.1"},
  "phoenix_pubsub": {:git, "https://github.com/phoenixframework/phoenix_pubsub.git", "db872432a0ae085daab69e25b9afc03b28910c27", []},
  "pipe": {:hex, :pipe, "0.0.2"},
  "plug": {:hex, :plug, "1.1.2"},
  "poison": {:hex, :poison, "1.5.2"},
  "poolboy": {:hex, :poolboy, "1.5.1"},
  "providers": {:hex, :providers, "1.6.0"},
  "ranch": {:hex, :ranch, "1.2.1"},
  "relx": {:hex, :relx, "3.18.0"},
  "serial": {:hex, :serial, "0.1.2"},
  "sqlite_ecto": {:hex, :sqlite_ecto, "1.1.0"},
  "sqlitex": {:hex, :sqlitex, "0.8.3"}}
